// !$*UTF8*$!
{
	archiveVersion = 1;
	classes = {
	};
	objectVersion = 46;
	objects = {

/* Begin PBXBuildFile section */
		D81EC3831D44834C004CB8E6 /* AppDelegate.swift in Sources */ = {isa = PBXBuildFile; fileRef = D81EC3821D44834C004CB8E6 /* AppDelegate.swift */; };
		D81EC3881D44834C004CB8E6 /* Main.storyboard in Resources */ = {isa = PBXBuildFile; fileRef = D81EC3861D44834C004CB8E6 /* Main.storyboard */; };
		D81EC38A1D44834C004CB8E6 /* Assets.xcassets in Resources */ = {isa = PBXBuildFile; fileRef = D81EC3891D44834C004CB8E6 /* Assets.xcassets */; };
		D81EC38D1D44834C004CB8E6 /* LaunchScreen.storyboard in Resources */ = {isa = PBXBuildFile; fileRef = D81EC38B1D44834C004CB8E6 /* LaunchScreen.storyboard */; };
		D81EC3951D448713004CB8E6 /* ItemsViewsController.swift in Sources */ = {isa = PBXBuildFile; fileRef = D81EC3941D448713004CB8E6 /* ItemsViewsController.swift */; };
		D81EC3971D44895A004CB8E6 /* Item.swift in Sources */ = {isa = PBXBuildFile; fileRef = D81EC3961D44895A004CB8E6 /* Item.swift */; };
		D81EC3991D449097004CB8E6 /* ItemStore.swift in Sources */ = {isa = PBXBuildFile; fileRef = D81EC3981D449097004CB8E6 /* ItemStore.swift */; };
/* End PBXBuildFile section */

/* Begin PBXFileReference section */
		D81EC37F1D44834C004CB8E6 /* Homepwner.app */ = {isa = PBXFileReference; explicitFileType = wrapper.application; includeInIndex = 0; path = Homepwner.app; sourceTree = BUILT_PRODUCTS_DIR; };
		D81EC3821D44834C004CB8E6 /* AppDelegate.swift */ = {isa = PBXFileReference; lastKnownFileType = sourcecode.swift; path = AppDelegate.swift; sourceTree = "<group>"; };
		D81EC3871D44834C004CB8E6 /* Base */ = {isa = PBXFileReference; lastKnownFileType = file.storyboard; name = Base; path = Base.lproj/Main.storyboard; sourceTree = "<group>"; };
		D81EC3891D44834C004CB8E6 /* Assets.xcassets */ = {isa = PBXFileReference; lastKnownFileType = folder.assetcatalog; path = Assets.xcassets; sourceTree = "<group>"; };
		D81EC38C1D44834C004CB8E6 /* Base */ = {isa = PBXFileReference; lastKnownFileType = file.storyboard; name = Base; path = Base.lproj/LaunchScreen.storyboard; sourceTree = "<group>"; };
		D81EC38E1D44834C004CB8E6 /* Info.plist */ = {isa = PBXFileReference; lastKnownFileType = text.plist.xml; path = Info.plist; sourceTree = "<group>"; };
		D81EC3941D448713004CB8E6 /* ItemsViewsController.swift */ = {isa = PBXFileReference; fileEncoding = 4; lastKnownFileType = sourcecode.swift; path = ItemsViewsController.swift; sourceTree = "<group>"; };
		D81EC3961D44895A004CB8E6 /* Item.swift */ = {isa = PBXFileReference; fileEncoding = 4; lastKnownFileType = sourcecode.swift; path = Item.swift; sourceTree = "<group>"; };
		D81EC3981D449097004CB8E6 /* ItemStore.swift */ = {isa = PBXFileReference; fileEncoding = 4; lastKnownFileType = sourcecode.swift; path = ItemStore.swift; sourceTree = "<group>"; };
/* End PBXFileReference section */

/* Begin PBXFrameworksBuildPhase section */
		D81EC37C1D44834C004CB8E6 /* Frameworks */ = {
			isa = PBXFrameworksBuildPhase;
			buildActionMask = 2147483647;
			files = (
			);
			runOnlyForDeploymentPostprocessing = 0;
		};
/* End PBXFrameworksBuildPhase section */

/* Begin PBXGroup section */
		D81EC3761D44834C004CB8E6 = {
			isa = PBXGroup;
			children = (
				D81EC3811D44834C004CB8E6 /* Homepwner */,
				D81EC3801D44834C004CB8E6 /* Products */,
			);
			sourceTree = "<group>";
		};
		D81EC3801D44834C004CB8E6 /* Products */ = {
			isa = PBXGroup;
			children = (
				D81EC37F1D44834C004CB8E6 /* Homepwner.app */,
			);
			name = Products;
			sourceTree = "<group>";
		};
		D81EC3811D44834C004CB8E6 /* Homepwner */ = {
			isa = PBXGroup;
			children = (
				D81EC3981D449097004CB8E6 /* ItemStore.swift */,
				D81EC3961D44895A004CB8E6 /* Item.swift */,
				D81EC3941D448713004CB8E6 /* ItemsViewsController.swift */,
				D81EC3821D44834C004CB8E6 /* AppDelegate.swift */,
				D81EC3861D44834C004CB8E6 /* Main.storyboard */,
				D81EC3891D44834C004CB8E6 /* Assets.xcassets */,
				D81EC38B1D44834C004CB8E6 /* LaunchScreen.storyboard */,
				D81EC38E1D44834C004CB8E6 /* Info.plist */,
			);
			path = Homepwner;
			sourceTree = "<group>";
		};
/* End PBXGroup section */

/* Begin PBXNativeTarget section */
		D81EC37E1D44834C004CB8E6 /* Homepwner */ = {
			isa = PBXNativeTarget;
			buildConfigurationList = D81EC3911D44834C004CB8E6 /* Build configuration list for PBXNativeTarget "Homepwner" */;
			buildPhases = (
				D81EC37B1D44834C004CB8E6 /* Sources */,
				D81EC37C1D44834C004CB8E6 /* Frameworks */,
				D81EC37D1D44834C004CB8E6 /* Resources */,
			);
			buildRules = (
			);
			dependencies = (
			);
			name = Homepwner;
			productName = Homepwner;
			productReference = D81EC37F1D44834C004CB8E6 /* Homepwner.app */;
			productType = "com.apple.product-type.application";
		};
/* End PBXNativeTarget section */

/* Begin PBXProject section */
		D81EC3771D44834C004CB8E6 /* Project object */ = {
			isa = PBXProject;
			attributes = {
				LastSwiftUpdateCheck = 0730;
				LastUpgradeCheck = 0730;
				ORGANIZATIONNAME = "Joe Stevens";
				TargetAttributes = {
					D81EC37E1D44834C004CB8E6 = {
						CreatedOnToolsVersion = 7.3.1;
					};
				};
			};
			buildConfigurationList = D81EC37A1D44834C004CB8E6 /* Build configuration list for PBXProject "Homepwner" */;
			compatibilityVersion = "Xcode 3.2";
			developmentRegion = English;
			hasScannedForEncodings = 0;
			knownRegions = (
				en,
				Base,
			);
			mainGroup = D81EC3761D44834C004CB8E6;
			productRefGroup = D81EC3801D44834C004CB8E6 /* Products */;
			projectDirPath = "";
			projectRoot = "";
			targets = (
				D81EC37E1D44834C004CB8E6 /* Homepwner */,
			);
		};
/* End PBXProject section */

/* Begin PBXResourcesBuildPhase section */
		D81EC37D1D44834C004CB8E6 /* Resources */ = {
			isa = PBXResourcesBuildPhase;
			buildActionMask = 2147483647;
			files = (
				D81EC38D1D44834C004CB8E6 /* LaunchScreen.storyboard in Resources */,
				D81EC38A1D44834C004CB8E6 /* Assets.xcassets in Resources */,
				D81EC3881D44834C004CB8E6 /* Main.storyboard in Resources */,
			);
			runOnlyForDeploymentPostprocessing = 0;
		};
/* End PBXResourcesBuildPhase section */

/* Begin PBXSourcesBuildPhase section */
		D81EC37B1D44834C004CB8E6 /* Sources */ = {
			isa = PBXSourcesBuildPhase;
			buildActionMask = 2147483647;
			files = (
				D81EC3831D44834C004CB8E6 /* AppDelegate.swift in Sources */,
				D81EC3971D44895A004CB8E6 /* Item.swift in Sources */,
				D81EC3991D449097004CB8E6 /* ItemStore.swift in Sources */,
				D81EC3951D448713004CB8E6 /* ItemsViewsController.swift in Sources */,
			);
			runOnlyForDeploymentPostprocessing = 0;
		};
/* End PBXSourcesBuildPhase section */

/* Begin PBXVariantGroup section */
		D81EC3861D44834C004CB8E6 /* Main.storyboard */ = {
			isa = PBXVariantGroup;
			children = (
				D81EC3871D44834C004CB8E6 /* Base */,
			);
			name = Main.storyboard;
			sourceTree = "<group>";
		};
		D81EC38B1D44834C004CB8E6 /* LaunchScreen.storyboard */ = {
			isa = PBXVariantGroup;
			children = (
				D81EC38C1D44834C004CB8E6 /* Base */,
			);
			name = LaunchScreen.storyboard;
			sourceTree = "<group>";
		};
/* End PBXVariantGroup section */

/* Begin XCBuildConfiguration section */
		D81EC38F1D44834C004CB8E6 /* Debug */ = {
			isa = XCBuildConfiguration;
			buildSettings = {
				ALWAYS_SEARCH_USER_PATHS = NO;
				CLANG_ANALYZER_NONNULL = YES;
				CLANG_CXX_LANGUAGE_STANDARD = "gnu++0x";
				CLANG_CXX_LIBRARY = "libc++";
				CLANG_ENABLE_MODULES = YES;
				CLANG_ENABLE_OBJC_ARC = YES;
				CLANG_WARN_BOOL_CONVERSION = YES;
				CLANG_WARN_CONSTANT_CONVERSION = YES;
				CLANG_WARN_DIRECT_OBJC_ISA_USAGE = YES_ERROR;
				CLANG_WARN_EMPTY_BODY = YES;
				CLANG_WARN_ENUM_CONVERSION = YES;
				CLANG_WARN_INT_CONVERSION = YES;
				CLANG_WARN_OBJC_ROOT_CLASS = YES_ERROR;
				CLANG_WARN_UNREACHABLE_CODE = YES;
				CLANG_WARN__DUPLICATE_METHOD_MATCH = YES;
				"CODE_SIGN_IDENTITY[sdk=iphoneos*]" = "iPhone Developer";
				COPY_PHASE_STRIP = NO;
				DEBUG_INFORMATION_FORMAT = dwarf;
				ENABLE_STRICT_OBJC_MSGSEND = YES;
				ENABLE_TESTABILITY = YES;
				GCC_C_LANGUAGE_STANDARD = gnu99;
				GCC_DYNAMIC_NO_PIC = NO;
				GCC_NO_COMMON_BLOCKS = YES;
				GCC_OPTIMIZATION_LEVEL = 0;
				GCC_PREPROCESSOR_DEFINITIONS = (
					"DEBUG=1",
					"$(inherited)",
				);
				GCC_WARN_64_TO_32_BIT_CONVERSION = YES;
				GCC_WARN_ABOUT_RETURN_TYPE = YES_ERROR;
				GCC_WARN_UNDECLARED_SELECTOR = YES;
				GCC_WARN_UNINITIALIZED_AUTOS = YES_AGGRESSIVE;
				GCC_WARN_UNUSED_FUNCTION = YES;
				GCC_WARN_UNUSED_VARIABLE = YES;
				IPHONEOS_DEPLOYMENT_TARGET = 9.3;
				MTL_ENABLE_DEBUG_INFO = YES;
				ONLY_ACTIVE_ARCH = YES;
				SDKROOT = iphoneos;
				SWIFT_OPTIMIZATION_LEVEL = "-Onone";
			};
			name = Debug;
		};
		D81EC3901D44834C004CB8E6 /* Release */ = {
			isa = XCBuildConfiguration;
			buildSettings = {
				ALWAYS_SEARCH_USER_PATHS = NO;
				CLANG_ANALYZER_NONNULL = YES;
				CLANG_CXX_LANGUAGE_STANDARD = "gnu++0x";
				CLANG_CXX_LIBRARY = "libc++";
				CLANG_ENABLE_MODULES = YES;
				CLANG_ENABLE_OBJC_ARC = YES;
				CLANG_WARN_BOOL_CONVERSION = YES;
				CLANG_WARN_CONSTANT_CONVERSION = YES;
				CLANG_WARN_DIRECT_OBJC_ISA_USAGE = YES_ERROR;
				CLANG_WARN_EMPTY_BODY = YES;
				CLANG_WARN_ENUM_CONVERSION = YES;
				CLANG_WARN_INT_CONVERSION = YES;
				CLANG_WARN_OBJC_ROOT_CLASS = YES_ERROR;
				CLANG_WARN_UNREACHABLE_CODE = YES;
				CLANG_WARN__DUPLICATE_METHOD_MATCH = YES;
				"CODE_SIGN_IDENTITY[sdk=iphoneos*]" = "iPhone Developer";
				COPY_PHASE_STRIP = NO;
				DEBUG_INFORMATION_FORMAT = "dwarf-with-dsym";
				ENABLE_NS_ASSERTIONS = NO;
				ENABLE_STRICT_OBJC_MSGSEND = YES;
				GCC_C_LANGUAGE_STANDARD = gnu99;
				GCC_NO_COMMON_BLOCKS = YES;
				GCC_WARN_64_TO_32_BIT_CONVERSION = YES;
				GCC_WARN_ABOUT_RETURN_TYPE = YES_ERROR;
				GCC_WARN_UNDECLARED_SELECTOR = YES;
				GCC_WARN_UNINITIALIZED_AUTOS = YES_AGGRESSIVE;
				GCC_WARN_UNUSED_FUNCTION = YES;
				GCC_WARN_UNUSED_VARIABLE = YES;
				IPHONEOS_DEPLOYMENT_TARGET = 9.3;
				MTL_ENABLE_DEBUG_INFO = NO;
				SDKROOT = iphoneos;
				VALIDATE_PRODUCT = YES;
			};
			name = Release;
		};
		D81EC3921D44834C004CB8E6 /* Debug */ = {
			isa = XCBuildConfiguration;
			buildSettings = {
				ASSETCATALOG_COMPILER_APPICON_NAME = AppIcon;
				INFOPLIST_FILE = Homepwner/Info.plist;
				LD_RUNPATH_SEARCH_PATHS = "$(inherited) @executable_path/Frameworks";
				PRODUCT_BUNDLE_IDENTIFIER = com.joe.Homepwner;
				PRODUCT_NAME = "$(TARGET_NAME)";
			};
			name = Debug;
		};
		D81EC3931D44834C004CB8E6 /* Release */ = {
			isa = XCBuildConfiguration;
			buildSettings = {
				ASSETCATALOG_COMPILER_APPICON_NAME = AppIcon;
				INFOPLIST_FILE = Homepwner/Info.plist;
				LD_RUNPATH_SEARCH_PATHS = "$(inherited) @executable_path/Frameworks";
				PRODUCT_BUNDLE_IDENTIFIER = com.joe.Homepwner;
				PRODUCT_NAME = "$(TARGET_NAME)";
			};
			name = Release;
		};
/* End XCBuildConfiguration section */

/* Begin XCConfigurationList section */
		D81EC37A1D44834C004CB8E6 /* Build configuration list for PBXProject "Homepwner" */ = {
			isa = XCConfigurationList;
			buildConfigurations = (
				D81EC38F1D44834C004CB8E6 /* Debug */,
				D81EC3901D44834C004CB8E6 /* Release */,
			);
			defaultConfigurationIsVisible = 0;
			defaultConfigurationName = Release;
		};
		D81EC3911D44834C004CB8E6 /* Build configuration list for PBXNativeTarget "Homepwner" */ = {
			isa = XCConfigurationList;
			buildConfigurations = (
				D81EC3921D44834C004CB8E6 /* Debug */,
				D81EC3931D44834C004CB8E6 /* Release */,
			);
			defaultConfigurationIsVisible = 0;
		};
/* End XCConfigurationList section */
	};
	rootObject = D81EC3771D44834C004CB8E6 /* Project object */;
}
